<?xml version="1.0" encoding="utf-8"?>
<Project ToolsVersion="4.0" xmlns="http://schemas.microsoft.com/developer/msbuild/2003">
  <ItemGroup>
    <Filter Include="Source Files"/>
  </ItemGroup>
  <ItemGroup>
    <ClInclude Include="HostBitmap.h">
      <Filter>Source Files</Filter>
    </ClInclude>
    <ClInclude Include="PsdHandler.h">
      <Filter>Source Files</Filter>
    </ClInclude>
    <ClInclude Include="StdAfx.h">
      <Filter>Source Files</Filter>
    </ClInclude>
    <ClInclude Include="Tr2BmpHandler.h">
      <Filter>Source Files</Filter>
    </ClInclude>
    <ClInclude Include="Tr2DdsHandler.h">
      <Filter>Source Files</Filter>
    </ClInclude>
    <ClInclude Include="Tr2ImageHandler.h">
      <Filter>Source Files</Filter>
    </ClInclude>
    <ClInclude Include="Tr2JpgHandler.h">
      <Filter>Source Files</Filter>
    </ClInclude>
    <ClInclude Include="Tr2PngHandler.h">
      <Filter>Source Files</Filter>
    </ClInclude>
    <ClInclude Include="Tr2TgaHandler.h">
      <Filter>Source Files</Filter>
    </ClInclude>
    <ClCompile Include="HostBitmap.cpp">
      <Filter>Source Files</Filter>
    </ClCompile>
    <ClCompile Include="PsdHandler.cpp">
      <Filter>Source Files</Filter>
    </ClCompile>
    <ClCompile Include="StdAfx.cpp">
      <Filter>Source Files</Filter>
    </ClCompile>
    <ClCompile Include="Tr2BmpHandler.cpp">
      <Filter>Source Files</Filter>
    </ClCompile>
    <ClCompile Include="Tr2DdsHandler.cpp">
      <Filter>Source Files</Filter>
    </ClCompile>
    <ClCompile Include="Tr2ImageHandler.cpp">
      <Filter>Source Files</Filter>
    </ClCompile>
    <ClCompile Include="Tr2JpgHandler.cpp">
      <Filter>Source Files</Filter>
    </ClCompile>
    <ClCompile Include="Tr2PngHandler.cpp">
      <Filter>Source Files</Filter>
    </ClCompile>
    <ClCompile Include="Tr2TgaHandler.cpp">
      <Filter>Source Files</Filter>
    </ClCompile>
  </ItemGroup>
</Project>
