<?xml version="1.0" encoding="utf-8"?>
<Project ToolsVersion="4.0" xmlns="http://schemas.microsoft.com/developer/msbuild/2003">
  <ItemGroup>
    <Filter Include="Source Files"/>
    <Filter Include="Source Files\resourcesInclude"/>
  </ItemGroup>
  <ItemGroup>
    <ClInclude Include="MemoryStream.h">
      <Filter>Source Files</Filter>
    </ClInclude>
    <ClInclude Include="StdAfx.h">
      <Filter>Source Files</Filter>
    </ClInclude>
    <ClInclude Include="TestHelpers.h">
      <Filter>Source Files</Filter>
    </ClInclude>
    <ClInclude Include="resourcesInclude\a.dds.h">
      <Filter>Source Files\resourcesInclude</Filter>
    </ClInclude>
    <ClInclude Include="resourcesInclude\al.dds.h">
      <Filter>Source Files\resourcesInclude</Filter>
    </ClInclude>
    <ClInclude Include="resourcesInclude\al.psd.h">
      <Filter>Source Files\resourcesInclude</Filter>
    </ClInclude>
    <ClInclude Include="resourcesInclude\l.dds.h">
      <Filter>Source Files\resourcesInclude</Filter>
    </ClInclude>
    <ClInclude Include="resourcesInclude\r.png.h">
      <Filter>Source Files\resourcesInclude</Filter>
    </ClInclude>
    <ClInclude Include="resourcesInclude\r.psd.h">
      <Filter>Source Files\resourcesInclude</Filter>
    </ClInclude>
    <ClInclude Include="resourcesInclude\r.tga.h">
      <Filter>Source Files\resourcesInclude</Filter>
    </ClInclude>
    <ClInclude Include="resourcesInclude\rg.png.h">
      <Filter>Source Files\resourcesInclude</Filter>
    </ClInclude>
    <ClInclude Include="resourcesInclude\rgb.bmp.h">
      <Filter>Source Files\resourcesInclude</Filter>
    </ClInclude>
    <ClInclude Include="resourcesInclude\rgb.dds.h">
      <Filter>Source Files\resourcesInclude</Filter>
    </ClInclude>
    <ClInclude Include="resourcesInclude\rgb.jpg.h">
      <Filter>Source Files\resourcesInclude</Filter>
    </ClInclude>
    <ClInclude Include="resourcesInclude\rgb.png.h">
      <Filter>Source Files\resourcesInclude</Filter>
    </ClInclude>
    <ClInclude Include="resourcesInclude\rgb.psd.h">
      <Filter>Source Files\resourcesInclude</Filter>
    </ClInclude>
    <ClInclude Include="resourcesInclude\rgb.tga.h">
      <Filter>Source Files\resourcesInclude</Filter>
    </ClInclude>
    <ClInclude Include="resourcesInclude\rgba.bmp.h">
      <Filter>Source Files\resourcesInclude</Filter>
    </ClInclude>
    <ClInclude Include="resourcesInclude\rgba.dds.h">
      <Filter>Source Files\resourcesInclude</Filter>
    </ClInclude>
    <ClInclude Include="resourcesInclude\rgba.png.h">
      <Filter>Source Files\resourcesInclude</Filter>
    </ClInclude>
    <ClInclude Include="resourcesInclude\rgba.psd.h">
      <Filter>Source Files\resourcesInclude</Filter>
    </ClInclude>
    <ClInclude Include="resourcesInclude\rgba.tga.h">
      <Filter>Source Files\resourcesInclude</Filter>
    </ClInclude>
    <ClInclude Include="resourcesInclude\rgba16.dds.h">
      <Filter>Source Files\resourcesInclude</Filter>
    </ClInclude>
    <ClInclude Include="resourcesInclude\rgba16f.dds.h">
      <Filter>Source Files\resourcesInclude</Filter>
    </ClInclude>
    <ClInclude Include="resourcesInclude\rgbaCube.dds.h">
      <Filter>Source Files\resourcesInclude</Filter>
    </ClInclude>
    <ClInclude Include="resourcesInclude\rgbaGarbled.bmp.h">
      <Filter>Source Files\resourcesInclude</Filter>
    </ClInclude>
    <ClInclude Include="resourcesInclude\rgbaMips.dds.h">
      <Filter>Source Files\resourcesInclude</Filter>
    </ClInclude>
    <ClInclude Include="resourcesInclude\rgbaRle.tga.h">
      <Filter>Source Files\resourcesInclude</Filter>
    </ClInclude>
    <ClInclude Include="resourcesInclude\rgbaVolume.dds.h">
      <Filter>Source Files\resourcesInclude</Filter>
    </ClInclude>
    <ClInclude Include="resourcesInclude\rgbCube.dds.h">
      <Filter>Source Files\resourcesInclude</Filter>
    </ClInclude>
    <ClInclude Include="resourcesInclude\rgbGarbled.bmp.h">
      <Filter>Source Files\resourcesInclude</Filter>
    </ClInclude>
    <ClInclude Include="resourcesInclude\rgbIndexed.tga.h">
      <Filter>Source Files\resourcesInclude</Filter>
    </ClInclude>
    <ClInclude Include="resourcesInclude\rgbRle.psd.h">
      <Filter>Source Files\resourcesInclude</Filter>
    </ClInclude>
    <ClInclude Include="resourcesInclude\rgbRle.tga.h">
      <Filter>Source Files\resourcesInclude</Filter>
    </ClInclude>
    <ClInclude Include="resourcesInclude\rgbx.dds.h">
      <Filter>Source Files\resourcesInclude</Filter>
    </ClInclude>
    <ClInclude Include="resourcesInclude\_all.h">
      <Filter>Source Files\resourcesInclude</Filter>
    </ClInclude>
    <ClCompile Include="ImageIOTest.cpp">
      <Filter>Source Files</Filter>
    </ClCompile>
    <ClCompile Include="MemoryStream.cpp">
      <Filter>Source Files</Filter>
    </ClCompile>
    <ClCompile Include="StdAfx.cpp">
      <Filter>Source Files</Filter>
    </ClCompile>
    <ClCompile Include="TestBmpHandler.cpp">
      <Filter>Source Files</Filter>
    </ClCompile>
    <ClCompile Include="TestDdsHandler.cpp">
      <Filter>Source Files</Filter>
    </ClCompile>
    <ClCompile Include="TestHelpers.cpp">
      <Filter>Source Files</Filter>
    </ClCompile>
    <ClCompile Include="TestHostBitmap.cpp">
      <Filter>Source Files</Filter>
    </ClCompile>
    <ClCompile Include="TestJpgHandler.cpp">
      <Filter>Source Files</Filter>
    </ClCompile>
    <ClCompile Include="TestPngHandler.cpp">
      <Filter>Source Files</Filter>
    </ClCompile>
    <ClCompile Include="TestPsdHandler.cpp">
      <Filter>Source Files</Filter>
    </ClCompile>
    <ClCompile Include="TestTgaHandler.cpp">
      <Filter>Source Files</Filter>
    </ClCompile>
  </ItemGroup>
</Project>
